
Microsoft Visual Studio Solution File, Format Version 12.00
# Visual Studio Version 17
VisualStudioVersion = 17.7.34202.233
MinimumVisualStudioVersion = 10.0.40219.1
Project("{2150E333-8FDC-42A3-9474-1A3956D46DE8}") = "src", "src", "{59F38B41-98FA-43FF-9FB0-2D445D20454A}"
EndProject
Project("{2150E333-8FDC-42A3-9474-1A3956D46DE8}") = "core", "core", "{09B01312-FFFA-4473-9969-173A0C3F739D}"
EndProject
Project("{2150E333-8FDC-42A3-9474-1A3956D46DE8}") = "infraestructure", "infraestructure", "{5BC4E819-76D4-43F7-A5F6-B8184A976907}"
EndProject
Project("{2150E333-8FDC-42A3-9474-1A3956D46DE8}") = "presentation", "presentation", "{C338929A-27B4-42FD-A1B7-4D5767CE56A7}"
EndProject
Project("{9A19103F-16F7-4668-BE54-9A1E7A4F7556}") = "Application", "Application\Application.csproj", "{9D70CC41-6190-4B90-9B72-A0E017A20514}"
EndProject
Project("{9A19103F-16F7-4668-BE54-9A1E7A4F7556}") = "Domain", "Domain\Domain.csproj", "{ED326CEB-B876-49F8-8260-A62092C4DBDD}"
EndProject
Project("{9A19103F-16F7-4668-BE54-9A1E7A4F7556}") = "Persistence", "Persistence\Persistence.csproj", "{EA14A6C5-8419-4725-92FE-1E864D2BDBDC}"
EndProject
Project("{9A19103F-16F7-4668-BE54-9A1E7A4F7556}") = "Shared", "Shared\Shared.csproj", "{1EB1457D-6A96-4467-AB0E-F7DAFA03B7FE}"
EndProject
Project("{9A19103F-16F7-4668-BE54-9A1E7A4F7556}") = "WebAPI", "WebAPI\WebAPI.csproj", "{06E50241-C8AE-4A3F-80B5-A146EDC4A78A}"
EndProject
Project("{2150E333-8FDC-42A3-9474-1A3956D46DE8}") = "tests", "tests", "{F51DA493-0C11-4BEA-99A9-2E48E7E27FDA}"
EndProject
Project("{FAE04EC0-301F-11D3-BF4B-00C04F79EFBC}") = "Tekton_Technical_Test.Tests", "Tekton_Technical_Test.Tests\Tekton_Technical_Test.Tests.csproj", "{30756688-7859-485E-BB64-D797542CE047}"
EndProject
Global
	GlobalSection(SolutionConfigurationPlatforms) = preSolution
		Debug|Any CPU = Debug|Any CPU
		Release|Any CPU = Release|Any CPU
	EndGlobalSection
	GlobalSection(ProjectConfigurationPlatforms) = postSolution
		{9D70CC41-6190-4B90-9B72-A0E017A20514}.Debug|Any CPU.ActiveCfg = Debug|Any CPU
		{9D70CC41-6190-4B90-9B72-A0E017A20514}.Debug|Any CPU.Build.0 = Debug|Any CPU
		{9D70CC41-6190-4B90-9B72-A0E017A20514}.Release|Any CPU.ActiveCfg = Release|Any CPU
		{9D70CC41-6190-4B90-9B72-A0E017A20514}.Release|Any CPU.Build.0 = Release|Any CPU
		{ED326CEB-B876-49F8-8260-A62092C4DBDD}.Debug|Any CPU.ActiveCfg = Debug|Any CPU
		{ED326CEB-B876-49F8-8260-A62092C4DBDD}.Debug|Any CPU.Build.0 = Debug|Any CPU
		{ED326CEB-B876-49F8-8260-A62092C4DBDD}.Release|Any CPU.ActiveCfg = Release|Any CPU
		{ED326CEB-B876-49F8-8260-A62092C4DBDD}.Release|Any CPU.Build.0 = Release|Any CPU
		{EA14A6C5-8419-4725-92FE-1E864D2BDBDC}.Debug|Any CPU.ActiveCfg = Debug|Any CPU
		{EA14A6C5-8419-4725-92FE-1E864D2BDBDC}.Debug|Any CPU.Build.0 = Debug|Any CPU
		{EA14A6C5-8419-4725-92FE-1E864D2BDBDC}.Release|Any CPU.ActiveCfg = Release|Any CPU
		{EA14A6C5-8419-4725-92FE-1E864D2BDBDC}.Release|Any CPU.Build.0 = Release|Any CPU
		{1EB1457D-6A96-4467-AB0E-F7DAFA03B7FE}.Debug|Any CPU.ActiveCfg = Debug|Any CPU
		{1EB1457D-6A96-4467-AB0E-F7DAFA03B7FE}.Debug|Any CPU.Build.0 = Debug|Any CPU
		{1EB1457D-6A96-4467-AB0E-F7DAFA03B7FE}.Release|Any CPU.ActiveCfg = Release|Any CPU
		{1EB1457D-6A96-4467-AB0E-F7DAFA03B7FE}.Release|Any CPU.Build.0 = Release|Any CPU
		{06E50241-C8AE-4A3F-80B5-A146EDC4A78A}.Debug|Any CPU.ActiveCfg = Debug|Any CPU
		{06E50241-C8AE-4A3F-80B5-A146EDC4A78A}.Debug|Any CPU.Build.0 = Debug|Any CPU
		{06E50241-C8AE-4A3F-80B5-A146EDC4A78A}.Release|Any CPU.ActiveCfg = Release|Any CPU
		{06E50241-C8AE-4A3F-80B5-A146EDC4A78A}.Release|Any CPU.Build.0 = Release|Any CPU
		{30756688-7859-485E-BB64-D797542CE047}.Debug|Any CPU.ActiveCfg = Debug|Any CPU
		{30756688-7859-485E-BB64-D797542CE047}.Debug|Any CPU.Build.0 = Debug|Any CPU
		{30756688-7859-485E-BB64-D797542CE047}.Release|Any CPU.ActiveCfg = Release|Any CPU
		{30756688-7859-485E-BB64-D797542CE047}.Release|Any CPU.Build.0 = Release|Any CPU
	EndGlobalSection
	GlobalSection(SolutionProperties) = preSolution
		HideSolutionNode = FALSE
	EndGlobalSection
	GlobalSection(NestedProjects) = preSolution
		{09B01312-FFFA-4473-9969-173A0C3F739D} = {59F38B41-98FA-43FF-9FB0-2D445D20454A}
		{5BC4E819-76D4-43F7-A5F6-B8184A976907} = {59F38B41-98FA-43FF-9FB0-2D445D20454A}
		{C338929A-27B4-42FD-A1B7-4D5767CE56A7} = {59F38B41-98FA-43FF-9FB0-2D445D20454A}
		{9D70CC41-6190-4B90-9B72-A0E017A20514} = {09B01312-FFFA-4473-9969-173A0C3F739D}
		{ED326CEB-B876-49F8-8260-A62092C4DBDD} = {09B01312-FFFA-4473-9969-173A0C3F739D}
		{EA14A6C5-8419-4725-92FE-1E864D2BDBDC} = {5BC4E819-76D4-43F7-A5F6-B8184A976907}
		{1EB1457D-6A96-4467-AB0E-F7DAFA03B7FE} = {5BC4E819-76D4-43F7-A5F6-B8184A976907}
		{06E50241-C8AE-4A3F-80B5-A146EDC4A78A} = {C338929A-27B4-42FD-A1B7-4D5767CE56A7}
		{F51DA493-0C11-4BEA-99A9-2E48E7E27FDA} = {59F38B41-98FA-43FF-9FB0-2D445D20454A}
		{30756688-7859-485E-BB64-D797542CE047} = {F51DA493-0C11-4BEA-99A9-2E48E7E27FDA}
	EndGlobalSection
	GlobalSection(ExtensibilityGlobals) = postSolution
		SolutionGuid = {DDC01EF5-4EB1-4569-AA31-5D0EAE57B12B}
	EndGlobalSection
EndGlobal
